// !$*UTF8*$!
{
	archiveVersion = 1;
	classes = {
	};
	objectVersion = 46;
	objects = {

/* Begin PBXBuildFile section */
		2320E61ED4625FD12AB4CE03 /* libPods.a in Frameworks */ = {isa = PBXBuildFile; fileRef = 1A77029FECF552BF513AB075 /* libPods.a */; };
		4F0A32D91A38764800147905 /* main.m in Sources */ = {isa = PBXBuildFile; fileRef = 4F0A32D81A38764800147905 /* main.m */; };
		4F0A32DC1A38764800147905 /* AppDelegate.m in Sources */ = {isa = PBXBuildFile; fileRef = 4F0A32DB1A38764800147905 /* AppDelegate.m */; };
		4F0A32DF1A38764800147905 /* ViewController.m in Sources */ = {isa = PBXBuildFile; fileRef = 4F0A32DE1A38764800147905 /* ViewController.m */; };
		4F0A32E21A38764800147905 /* Main.storyboard in Resources */ = {isa = PBXBuildFile; fileRef = 4F0A32E01A38764800147905 /* Main.storyboard */; };
		4F0A32E41A38764800147905 /* Images.xcassets in Resources */ = {isa = PBXBuildFile; fileRef = 4F0A32E31A38764800147905 /* Images.xcassets */; };
		4F0A32E71A38764800147905 /* LaunchScreen.xib in Resources */ = {isa = PBXBuildFile; fileRef = 4F0A32E51A38764800147905 /* LaunchScreen.xib */; };
		4F0A32F31A38764800147905 /* instaScrapTests.m in Sources */ = {isa = PBXBuildFile; fileRef = 4F0A32F21A38764800147905 /* instaScrapTests.m */; };
		4F0A32FD1A38768C00147905 /* CoreImage.framework in Frameworks */ = {isa = PBXBuildFile; fileRef = 4F0A32FC1A38768C00147905 /* CoreImage.framework */; };
		4F0A33041A38794B00147905 /* JBCroppableLayer.m in Sources */ = {isa = PBXBuildFile; fileRef = 4F0A33031A38794B00147905 /* JBCroppableLayer.m */; };
		4F0A33061A3879A800147905 /* Foundation.framework in Frameworks */ = {isa = PBXBuildFile; fileRef = 4F0A33051A3879A800147905 /* Foundation.framework */; };
		4F0A33081A3879B000147905 /* UIKit.framework in Frameworks */ = {isa = PBXBuildFile; fileRef = 4F0A33071A3879B000147905 /* UIKit.framework */; };
		4F0A330A1A3879BC00147905 /* QuartzCore.framework in Frameworks */ = {isa = PBXBuildFile; fileRef = 4F0A33091A3879BC00147905 /* QuartzCore.framework */; };
		4F0A330F1A387ED200147905 /* 10550967_10152442201708226_9066716860489306441_n.jpg in Resources */ = {isa = PBXBuildFile; fileRef = 4F0A330E1A387ED200147905 /* 10550967_10152442201708226_9066716860489306441_n.jpg */; };
		4F7A3CEE1A388E5F00465A61 /* JBCroppableImageView.m in Sources */ = {isa = PBXBuildFile; fileRef = 4F7A3CED1A388E5F00465A61 /* JBCroppableImageView.m */; };
		4FFD98471A3DDBB4000BA930 /* OnWebViewViewController.m in Sources */ = {isa = PBXBuildFile; fileRef = 4FFD98461A3DDBB4000BA930 /* OnWebViewViewController.m */; };
/* End PBXBuildFile section */

/* Begin PBXContainerItemProxy section */
		4F0A32ED1A38764800147905 /* PBXContainerItemProxy */ = {
			isa = PBXContainerItemProxy;
			containerPortal = 4F0A32CB1A38764800147905 /* Project object */;
			proxyType = 1;
			remoteGlobalIDString = 4F0A32D21A38764800147905;
			remoteInfo = instaScrap;
		};
/* End PBXContainerItemProxy section */

/* Begin PBXFileReference section */
		1A77029FECF552BF513AB075 /* libPods.a */ = {isa = PBXFileReference; explicitFileType = archive.ar; includeInIndex = 0; path = libPods.a; sourceTree = BUILT_PRODUCTS_DIR; };
		4F0A32D31A38764800147905 /* instaScrap.app */ = {isa = PBXFileReference; explicitFileType = wrapper.application; includeInIndex = 0; path = instaScrap.app; sourceTree = BUILT_PRODUCTS_DIR; };
		4F0A32D71A38764800147905 /* Info.plist */ = {isa = PBXFileReference; lastKnownFileType = text.plist.xml; path = Info.plist; sourceTree = "<group>"; };
		4F0A32D81A38764800147905 /* main.m */ = {isa = PBXFileReference; lastKnownFileType = sourcecode.c.objc; path = main.m; sourceTree = "<group>"; };
		4F0A32DA1A38764800147905 /* AppDelegate.h */ = {isa = PBXFileReference; lastKnownFileType = sourcecode.c.h; path = AppDelegate.h; sourceTree = "<group>"; };
		4F0A32DB1A38764800147905 /* AppDelegate.m */ = {isa = PBXFileReference; lastKnownFileType = sourcecode.c.objc; path = AppDelegate.m; sourceTree = "<group>"; };
		4F0A32DD1A38764800147905 /* ViewController.h */ = {isa = PBXFileReference; lastKnownFileType = sourcecode.c.h; path = ViewController.h; sourceTree = "<group>"; };
		4F0A32DE1A38764800147905 /* ViewController.m */ = {isa = PBXFileReference; lastKnownFileType = sourcecode.c.objc; path = ViewController.m; sourceTree = "<group>"; };
		4F0A32E11A38764800147905 /* Base */ = {isa = PBXFileReference; lastKnownFileType = file.storyboard; name = Base; path = Base.lproj/Main.storyboard; sourceTree = "<group>"; };
		4F0A32E31A38764800147905 /* Images.xcassets */ = {isa = PBXFileReference; lastKnownFileType = folder.assetcatalog; path = Images.xcassets; sourceTree = "<group>"; };
		4F0A32E61A38764800147905 /* Base */ = {isa = PBXFileReference; lastKnownFileType = file.xib; name = Base; path = Base.lproj/LaunchScreen.xib; sourceTree = "<group>"; };
		4F0A32EC1A38764800147905 /* instaScrapTests.xctest */ = {isa = PBXFileReference; explicitFileType = wrapper.cfbundle; includeInIndex = 0; path = instaScrapTests.xctest; sourceTree = BUILT_PRODUCTS_DIR; };
		4F0A32F11A38764800147905 /* Info.plist */ = {isa = PBXFileReference; lastKnownFileType = text.plist.xml; path = Info.plist; sourceTree = "<group>"; };
		4F0A32F21A38764800147905 /* instaScrapTests.m */ = {isa = PBXFileReference; lastKnownFileType = sourcecode.c.objc; path = instaScrapTests.m; sourceTree = "<group>"; };
		4F0A32FC1A38768C00147905 /* CoreImage.framework */ = {isa = PBXFileReference; lastKnownFileType = wrapper.framework; name = CoreImage.framework; path = System/Library/Frameworks/CoreImage.framework; sourceTree = SDKROOT; };
		4F0A33021A38794B00147905 /* JBCroppableLayer.h */ = {isa = PBXFileReference; fileEncoding = 4; lastKnownFileType = sourcecode.c.h; path = JBCroppableLayer.h; sourceTree = "<group>"; };
		4F0A33031A38794B00147905 /* JBCroppableLayer.m */ = {isa = PBXFileReference; fileEncoding = 4; lastKnownFileType = sourcecode.c.objc; path = JBCroppableLayer.m; sourceTree = "<group>"; };
		4F0A33051A3879A800147905 /* Foundation.framework */ = {isa = PBXFileReference; lastKnownFileType = wrapper.framework; name = Foundation.framework; path = System/Library/Frameworks/Foundation.framework; sourceTree = SDKROOT; };
		4F0A33071A3879B000147905 /* UIKit.framework */ = {isa = PBXFileReference; lastKnownFileType = wrapper.framework; name = UIKit.framework; path = System/Library/Frameworks/UIKit.framework; sourceTree = SDKROOT; };
		4F0A33091A3879BC00147905 /* QuartzCore.framework */ = {isa = PBXFileReference; lastKnownFileType = wrapper.framework; name = QuartzCore.framework; path = System/Library/Frameworks/QuartzCore.framework; sourceTree = SDKROOT; };
		4F0A330E1A387ED200147905 /* 10550967_10152442201708226_9066716860489306441_n.jpg */ = {isa = PBXFileReference; lastKnownFileType = image.jpeg; name = 10550967_10152442201708226_9066716860489306441_n.jpg; path = ../10550967_10152442201708226_9066716860489306441_n.jpg; sourceTree = "<group>"; };
		4F7A3CEC1A388E5F00465A61 /* JBCroppableImageView.h */ = {isa = PBXFileReference; fileEncoding = 4; lastKnownFileType = sourcecode.c.h; name = JBCroppableImageView.h; path = ../instaScrap/JBCroppableImageView.h; sourceTree = "<group>"; };
		4F7A3CED1A388E5F00465A61 /* JBCroppableImageView.m */ = {isa = PBXFileReference; fileEncoding = 4; lastKnownFileType = sourcecode.c.objc; name = JBCroppableImageView.m; path = ../instaScrap/JBCroppableImageView.m; sourceTree = "<group>"; };
		4FFD98451A3DDBB4000BA930 /* OnWebViewViewController.h */ = {isa = PBXFileReference; fileEncoding = 4; lastKnownFileType = sourcecode.c.h; path = OnWebViewViewController.h; sourceTree = "<group>"; };
		4FFD98461A3DDBB4000BA930 /* OnWebViewViewController.m */ = {isa = PBXFileReference; fileEncoding = 4; lastKnownFileType = sourcecode.c.objc; path = OnWebViewViewController.m; sourceTree = "<group>"; };
		9B6EDC0D6DA39BE482A2E3A0 /* Pods.debug.xcconfig */ = {isa = PBXFileReference; includeInIndex = 1; lastKnownFileType = text.xcconfig; name = Pods.debug.xcconfig; path = "Pods/Target Support Files/Pods/Pods.debug.xcconfig"; sourceTree = "<group>"; };
		9D7F9EE0DBAEC61F9C649FC3 /* Pods.release.xcconfig */ = {isa = PBXFileReference; includeInIndex = 1; lastKnownFileType = text.xcconfig; name = Pods.release.xcconfig; path = "Pods/Target Support Files/Pods/Pods.release.xcconfig"; sourceTree = "<group>"; };
/* End PBXFileReference section */

/* Begin PBXFrameworksBuildPhase section */
		4F0A32D01A38764800147905 /* Frameworks */ = {
			isa = PBXFrameworksBuildPhase;
			buildActionMask = 2147483647;
			files = (
				4F0A330A1A3879BC00147905 /* QuartzCore.framework in Frameworks */,
				4F0A33081A3879B000147905 /* UIKit.framework in Frameworks */,
				4F0A33061A3879A800147905 /* Foundation.framework in Frameworks */,
				4F0A32FD1A38768C00147905 /* CoreImage.framework in Frameworks */,
				2320E61ED4625FD12AB4CE03 /* libPods.a in Frameworks */,
			);
			runOnlyForDeploymentPostprocessing = 0;
		};
		4F0A32E91A38764800147905 /* Frameworks */ = {
			isa = PBXFrameworksBuildPhase;
			buildActionMask = 2147483647;
			files = (
			);
			runOnlyForDeploymentPostprocessing = 0;
		};
/* End PBXFrameworksBuildPhase section */

/* Begin PBXGroup section */
		4F0A32CA1A38764800147905 = {
			isa = PBXGroup;
			children = (
				4FFD98451A3DDBB4000BA930 /* OnWebViewViewController.h */,
				4FFD98461A3DDBB4000BA930 /* OnWebViewViewController.m */,
				4F0A33011A38794B00147905 /* JBCroppableView */,
				4F0A32D51A38764800147905 /* instaScrap */,
				4F0A32EF1A38764800147905 /* instaScrapTests */,
				4F0A32D41A38764800147905 /* Products */,
				4F7A3CEB1A388DA200465A61 /* frameworks */,
				5CC00242C0389A301ACE0B8A /* Pods */,
				E0335ADEF7BC16A75A5A10C9 /* Frameworks */,
			);
			sourceTree = "<group>";
		};
		4F0A32D41A38764800147905 /* Products */ = {
			isa = PBXGroup;
			children = (
				4F0A32D31A38764800147905 /* instaScrap.app */,
				4F0A32EC1A38764800147905 /* instaScrapTests.xctest */,
			);
			name = Products;
			sourceTree = "<group>";
		};
		4F0A32D51A38764800147905 /* instaScrap */ = {
			isa = PBXGroup;
			children = (
				4F0A32DA1A38764800147905 /* AppDelegate.h */,
				4F0A32DB1A38764800147905 /* AppDelegate.m */,
				4F0A32DD1A38764800147905 /* ViewController.h */,
				4F0A32DE1A38764800147905 /* ViewController.m */,
				4F0A330E1A387ED200147905 /* 10550967_10152442201708226_9066716860489306441_n.jpg */,
				4F0A32E01A38764800147905 /* Main.storyboard */,
				4F0A32E31A38764800147905 /* Images.xcassets */,
				4F0A32E51A38764800147905 /* LaunchScreen.xib */,
				4F0A32D61A38764800147905 /* Supporting Files */,
			);
			path = instaScrap;
			sourceTree = "<group>";
		};
		4F0A32D61A38764800147905 /* Supporting Files */ = {
			isa = PBXGroup;
			children = (
				4F0A32D71A38764800147905 /* Info.plist */,
				4F0A32D81A38764800147905 /* main.m */,
			);
			name = "Supporting Files";
			sourceTree = "<group>";
		};
		4F0A32EF1A38764800147905 /* instaScrapTests */ = {
			isa = PBXGroup;
			children = (
				4F0A32F21A38764800147905 /* instaScrapTests.m */,
				4F0A32F01A38764800147905 /* Supporting Files */,
			);
			path = instaScrapTests;
			sourceTree = "<group>";
		};
		4F0A32F01A38764800147905 /* Supporting Files */ = {
			isa = PBXGroup;
			children = (
				4F0A32F11A38764800147905 /* Info.plist */,
			);
			name = "Supporting Files";
			sourceTree = "<group>";
		};
		4F0A33011A38794B00147905 /* JBCroppableView */ = {
			isa = PBXGroup;
			children = (
				4F0A33021A38794B00147905 /* JBCroppableLayer.h */,
				4F0A33031A38794B00147905 /* JBCroppableLayer.m */,
				4F7A3CEC1A388E5F00465A61 /* JBCroppableImageView.h */,
				4F7A3CED1A388E5F00465A61 /* JBCroppableImageView.m */,
			);
			path = JBCroppableView;
			sourceTree = "<group>";
		};
		4F7A3CEB1A388DA200465A61 /* frameworks */ = {
			isa = PBXGroup;
			children = (
				4F0A32FC1A38768C00147905 /* CoreImage.framework */,
				4F0A33091A3879BC00147905 /* QuartzCore.framework */,
				4F0A33071A3879B000147905 /* UIKit.framework */,
				4F0A33051A3879A800147905 /* Foundation.framework */,
			);
			path = frameworks;
			sourceTree = "<group>";
		};
		5CC00242C0389A301ACE0B8A /* Pods */ = {
			isa = PBXGroup;
			children = (
				9B6EDC0D6DA39BE482A2E3A0 /* Pods.debug.xcconfig */,
				9D7F9EE0DBAEC61F9C649FC3 /* Pods.release.xcconfig */,
			);
			name = Pods;
			sourceTree = "<group>";
		};
		E0335ADEF7BC16A75A5A10C9 /* Frameworks */ = {
			isa = PBXGroup;
			children = (
				1A77029FECF552BF513AB075 /* libPods.a */,
			);
			name = Frameworks;
			sourceTree = "<group>";
		};
/* End PBXGroup section */

/* Begin PBXNativeTarget section */
		4F0A32D21A38764800147905 /* instaScrap */ = {
			isa = PBXNativeTarget;
			buildConfigurationList = 4F0A32F61A38764800147905 /* Build configuration list for PBXNativeTarget "instaScrap" */;
			buildPhases = (
				E5E313C0FEFC6C34717B6327 /* Check Pods Manifest.lock */,
				4F0A32CF1A38764800147905 /* Sources */,
				4F0A32D01A38764800147905 /* Frameworks */,
				4F0A32D11A38764800147905 /* Resources */,
				5A01D90C442EF0F21C47D847 /* Copy Pods Resources */,
			);
			buildRules = (
			);
			dependencies = (
			);
			name = instaScrap;
			productName = instaScrap;
			productReference = 4F0A32D31A38764800147905 /* instaScrap.app */;
			productType = "com.apple.product-type.application";
		};
		4F0A32EB1A38764800147905 /* instaScrapTests */ = {
			isa = PBXNativeTarget;
			buildConfigurationList = 4F0A32F91A38764800147905 /* Build configuration list for PBXNativeTarget "instaScrapTests" */;
			buildPhases = (
				4F0A32E81A38764800147905 /* Sources */,
				4F0A32E91A38764800147905 /* Frameworks */,
				4F0A32EA1A38764800147905 /* Resources */,
			);
			buildRules = (
			);
			dependencies = (
				4F0A32EE1A38764800147905 /* PBXTargetDependency */,
			);
			name = instaScrapTests;
			productName = instaScrapTests;
			productReference = 4F0A32EC1A38764800147905 /* instaScrapTests.xctest */;
			productType = "com.apple.product-type.bundle.unit-test";
		};
/* End PBXNativeTarget section */

/* Begin PBXProject section */
		4F0A32CB1A38764800147905 /* Project object */ = {
			isa = PBXProject;
			attributes = {
				LastUpgradeCheck = 0610;
				ORGANIZATIONNAME = "山本文子";
				TargetAttributes = {
					4F0A32D21A38764800147905 = {
						CreatedOnToolsVersion = 6.1;
					};
					4F0A32EB1A38764800147905 = {
						CreatedOnToolsVersion = 6.1;
						TestTargetID = 4F0A32D21A38764800147905;
					};
				};
			};
			buildConfigurationList = 4F0A32CE1A38764800147905 /* Build configuration list for PBXProject "instaScrap" */;
			compatibilityVersion = "Xcode 3.2";
			developmentRegion = English;
			hasScannedForEncodings = 0;
			knownRegions = (
				en,
				Base,
			);
			mainGroup = 4F0A32CA1A38764800147905;
			productRefGroup = 4F0A32D41A38764800147905 /* Products */;
			projectDirPath = "";
			projectRoot = "";
			targets = (
				4F0A32D21A38764800147905 /* instaScrap */,
				4F0A32EB1A38764800147905 /* instaScrapTests */,
			);
		};
/* End PBXProject section */

/* Begin PBXResourcesBuildPhase section */
		4F0A32D11A38764800147905 /* Resources */ = {
			isa = PBXResourcesBuildPhase;
			buildActionMask = 2147483647;
			files = (
				4F0A32E21A38764800147905 /* Main.storyboard in Resources */,
				4F0A32E71A38764800147905 /* LaunchScreen.xib in Resources */,
				4F0A330F1A387ED200147905 /* 10550967_10152442201708226_9066716860489306441_n.jpg in Resources */,
				4F0A32E41A38764800147905 /* Images.xcassets in Resources */,
			);
			runOnlyForDeploymentPostprocessing = 0;
		};
		4F0A32EA1A38764800147905 /* Resources */ = {
			isa = PBXResourcesBuildPhase;
			buildActionMask = 2147483647;
			files = (
			);
			runOnlyForDeploymentPostprocessing = 0;
		};
/* End PBXResourcesBuildPhase section */

/* Begin PBXShellScriptBuildPhase section */
		5A01D90C442EF0F21C47D847 /* Copy Pods Resources */ = {
			isa = PBXShellScriptBuildPhase;
			buildActionMask = 2147483647;
			files = (
			);
			inputPaths = (
			);
			name = "Copy Pods Resources";
			outputPaths = (
			);
			runOnlyForDeploymentPostprocessing = 0;
			shellPath = /bin/sh;
			shellScript = "\"${SRCROOT}/Pods/Target Support Files/Pods/Pods-resources.sh\"\n";
			showEnvVarsInLog = 0;
		};
		E5E313C0FEFC6C34717B6327 /* Check Pods Manifest.lock */ = {
			isa = PBXShellScriptBuildPhase;
			buildActionMask = 2147483647;
			files = (
			);
			inputPaths = (
			);
			name = "Check Pods Manifest.lock";
			outputPaths = (
			);
			runOnlyForDeploymentPostprocessing = 0;
			shellPath = /bin/sh;
			shellScript = "diff \"${PODS_ROOT}/../Podfile.lock\" \"${PODS_ROOT}/Manifest.lock\" > /dev/null\nif [[ $? != 0 ]] ; then\n    cat << EOM\nerror: The sandbox is not in sync with the Podfile.lock. Run 'pod install' or update your CocoaPods installation.\nEOM\n    exit 1\nfi\n";
			showEnvVarsInLog = 0;
		};
/* End PBXShellScriptBuildPhase section */

/* Begin PBXSourcesBuildPhase section */
		4F0A32CF1A38764800147905 /* Sources */ = {
			isa = PBXSourcesBuildPhase;
			buildActionMask = 2147483647;
			files = (
				4F7A3CEE1A388E5F00465A61 /* JBCroppableImageView.m in Sources */,
				4FFD98471A3DDBB4000BA930 /* OnWebViewViewController.m in Sources */,
				4F0A32DF1A38764800147905 /* ViewController.m in Sources */,
				4F0A33041A38794B00147905 /* JBCroppableLayer.m in Sources */,
				4F0A32DC1A38764800147905 /* AppDelegate.m in Sources */,
				4F0A32D91A38764800147905 /* main.m in Sources */,
			);
			runOnlyForDeploymentPostprocessing = 0;
		};
		4F0A32E81A38764800147905 /* Sources */ = {
			isa = PBXSourcesBuildPhase;
			buildActionMask = 2147483647;
			files = (
				4F0A32F31A38764800147905 /* instaScrapTests.m in Sources */,
			);
			runOnlyForDeploymentPostprocessing = 0;
		};
/* End PBXSourcesBuildPhase section */

/* Begin PBXTargetDependency section */
		4F0A32EE1A38764800147905 /* PBXTargetDependency */ = {
			isa = PBXTargetDependency;
			target = 4F0A32D21A38764800147905 /* instaScrap */;
			targetProxy = 4F0A32ED1A38764800147905 /* PBXContainerItemProxy */;
		};
/* End PBXTargetDependency section */

/* Begin PBXVariantGroup section */
		4F0A32E01A38764800147905 /* Main.storyboard */ = {
			isa = PBXVariantGroup;
			children = (
				4F0A32E11A38764800147905 /* Base */,
			);
			name = Main.storyboard;
			sourceTree = "<group>";
		};
		4F0A32E51A38764800147905 /* LaunchScreen.xib */ = {
			isa = PBXVariantGroup;
			children = (
				4F0A32E61A38764800147905 /* Base */,
			);
			name = LaunchScreen.xib;
			sourceTree = "<group>";
		};
/* End PBXVariantGroup section */

/* Begin XCBuildConfiguration section */
		4F0A32F41A38764800147905 /* Debug */ = {
			isa = XCBuildConfiguration;
			buildSettings = {
				ALWAYS_SEARCH_USER_PATHS = NO;
				CLANG_CXX_LANGUAGE_STANDARD = "gnu++0x";
				CLANG_CXX_LIBRARY = "libc++";
				CLANG_ENABLE_MODULES = YES;
				CLANG_ENABLE_OBJC_ARC = YES;
				CLANG_WARN_BOOL_CONVERSION = YES;
				CLANG_WARN_CONSTANT_CONVERSION = YES;
				CLANG_WARN_DIRECT_OBJC_ISA_USAGE = YES_ERROR;
				CLANG_WARN_EMPTY_BODY = YES;
				CLANG_WARN_ENUM_CONVERSION = YES;
				CLANG_WARN_INT_CONVERSION = YES;
				CLANG_WARN_OBJC_ROOT_CLASS = YES_ERROR;
				CLANG_WARN_UNREACHABLE_CODE = YES;
				CLANG_WARN__DUPLICATE_METHOD_MATCH = YES;
				"CODE_SIGN_IDENTITY[sdk=iphoneos*]" = "iPhone Developer";
				COPY_PHASE_STRIP = NO;
				ENABLE_STRICT_OBJC_MSGSEND = YES;
				GCC_C_LANGUAGE_STANDARD = gnu99;
				GCC_DYNAMIC_NO_PIC = NO;
				GCC_OPTIMIZATION_LEVEL = 0;
				GCC_PREPROCESSOR_DEFINITIONS = (
					"DEBUG=1",
					"$(inherited)",
				);
				GCC_SYMBOLS_PRIVATE_EXTERN = NO;
				GCC_WARN_64_TO_32_BIT_CONVERSION = YES;
				GCC_WARN_ABOUT_RETURN_TYPE = YES_ERROR;
				GCC_WARN_UNDECLARED_SELECTOR = YES;
				GCC_WARN_UNINITIALIZED_AUTOS = YES_AGGRESSIVE;
				GCC_WARN_UNUSED_FUNCTION = YES;
				GCC_WARN_UNUSED_VARIABLE = YES;
				IPHONEOS_DEPLOYMENT_TARGET = 8.1;
				MTL_ENABLE_DEBUG_INFO = YES;
				ONLY_ACTIVE_ARCH = YES;
				SDKROOT = iphoneos;
			};
			name = Debug;
		};
		4F0A32F51A38764800147905 /* Release */ = {
			isa = XCBuildConfiguration;
			buildSettings = {
				ALWAYS_SEARCH_USER_PATHS = NO;
				CLANG_CXX_LANGUAGE_STANDARD = "gnu++0x";
				CLANG_CXX_LIBRARY = "libc++";
				CLANG_ENABLE_MODULES = YES;
				CLANG_ENABLE_OBJC_ARC = YES;
				CLANG_WARN_BOOL_CONVERSION = YES;
				CLANG_WARN_CONSTANT_CONVERSION = YES;
				CLANG_WARN_DIRECT_OBJC_ISA_USAGE = YES_ERROR;
				CLANG_WARN_EMPTY_BODY = YES;
				CLANG_WARN_ENUM_CONVERSION = YES;
				CLANG_WARN_INT_CONVERSION = YES;
				CLANG_WARN_OBJC_ROOT_CLASS = YES_ERROR;
				CLANG_WARN_UNREACHABLE_CODE = YES;
				CLANG_WARN__DUPLICATE_METHOD_MATCH = YES;
				"CODE_SIGN_IDENTITY[sdk=iphoneos*]" = "iPhone Developer";
				COPY_PHASE_STRIP = YES;
				ENABLE_NS_ASSERTIONS = NO;
				ENABLE_STRICT_OBJC_MSGSEND = YES;
				GCC_C_LANGUAGE_STANDARD = gnu99;
				GCC_WARN_64_TO_32_BIT_CONVERSION = YES;
				GCC_WARN_ABOUT_RETURN_TYPE = YES_ERROR;
				GCC_WARN_UNDECLARED_SELECTOR = YES;
				GCC_WARN_UNINITIALIZED_AUTOS = YES_AGGRESSIVE;
				GCC_WARN_UNUSED_FUNCTION = YES;
				GCC_WARN_UNUSED_VARIABLE = YES;
				IPHONEOS_DEPLOYMENT_TARGET = 8.1;
				MTL_ENABLE_DEBUG_INFO = NO;
				SDKROOT = iphoneos;
				VALIDATE_PRODUCT = YES;
			};
			name = Release;
		};
		4F0A32F71A38764800147905 /* Debug */ = {
			isa = XCBuildConfiguration;
			baseConfigurationReference = 9B6EDC0D6DA39BE482A2E3A0 /* Pods.debug.xcconfig */;
			buildSettings = {
				ASSETCATALOG_COMPILER_APPICON_NAME = AppIcon;
				INFOPLIST_FILE = instaScrap/Info.plist;
				LD_RUNPATH_SEARCH_PATHS = "$(inherited) @executable_path/Frameworks";
				PRODUCT_NAME = "$(TARGET_NAME)";
			};
			name = Debug;
		};
		4F0A32F81A38764800147905 /* Release */ = {
			isa = XCBuildConfiguration;
			baseConfigurationReference = 9D7F9EE0DBAEC61F9C649FC3 /* Pods.release.xcconfig */;
			buildSettings = {
				ASSETCATALOG_COMPILER_APPICON_NAME = AppIcon;
				INFOPLIST_FILE = instaScrap/Info.plist;
				LD_RUNPATH_SEARCH_PATHS = "$(inherited) @executable_path/Frameworks";
				PRODUCT_NAME = "$(TARGET_NAME)";
			};
			name = Release;
		};
		4F0A32FA1A38764800147905 /* Debug */ = {
			isa = XCBuildConfiguration;
			buildSettings = {
				BUNDLE_LOADER = "$(TEST_HOST)";
				FRAMEWORK_SEARCH_PATHS = (
					"$(SDKROOT)/Developer/Library/Frameworks",
					"$(inherited)",
				);
				GCC_PREPROCESSOR_DEFINITIONS = (
					"DEBUG=1",
					"$(inherited)",
				);
				INFOPLIST_FILE = instaScrapTests/Info.plist;
				LD_RUNPATH_SEARCH_PATHS = "$(inherited) @executable_path/Frameworks @loader_path/Frameworks";
				PRODUCT_NAME = "$(TARGET_NAME)";
				TEST_HOST = "$(BUILT_PRODUCTS_DIR)/instaScrap.app/instaScrap";
			};
			name = Debug;
		};
		4F0A32FB1A38764800147905 /* Release */ = {
			isa = XCBuildConfiguration;
			buildSettings = {
				BUNDLE_LOADER = "$(TEST_HOST)";
				FRAMEWORK_SEARCH_PATHS = (
					"$(SDKROOT)/Developer/Library/Frameworks",
					"$(inherited)",
				);
				INFOPLIST_FILE = instaScrapTests/Info.plist;
				LD_RUNPATH_SEARCH_PATHS = "$(inherited) @executable_path/Frameworks @loader_path/Frameworks";
				PRODUCT_NAME = "$(TARGET_NAME)";
				TEST_HOST = "$(BUILT_PRODUCTS_DIR)/instaScrap.app/instaScrap";
			};
			name = Release;
		};
/* End XCBuildConfiguration section */

/* Begin XCConfigurationList section */
		4F0A32CE1A38764800147905 /* Build configuration list for PBXProject "instaScrap" */ = {
			isa = XCConfigurationList;
			buildConfigurations = (
				4F0A32F41A38764800147905 /* Debug */,
				4F0A32F51A38764800147905 /* Release */,
			);
			defaultConfigurationIsVisible = 0;
			defaultConfigurationName = Release;
		};
		4F0A32F61A38764800147905 /* Build configuration list for PBXNativeTarget "instaScrap" */ = {
			isa = XCConfigurationList;
			buildConfigurations = (
				4F0A32F71A38764800147905 /* Debug */,
				4F0A32F81A38764800147905 /* Release */,
			);
			defaultConfigurationIsVisible = 0;
			defaultConfigurationName = Release;
		};
		4F0A32F91A38764800147905 /* Build configuration list for PBXNativeTarget "instaScrapTests" */ = {
			isa = XCConfigurationList;
			buildConfigurations = (
				4F0A32FA1A38764800147905 /* Debug */,
				4F0A32FB1A38764800147905 /* Release */,
			);
			defaultConfigurationIsVisible = 0;
			defaultConfigurationName = Release;
		};
/* End XCConfigurationList section */
	};
	rootObject = 4F0A32CB1A38764800147905 /* Project object */;
}
